
Microsoft Visual Studio Solution File, Format Version 12.00
# Visual Studio Version 17
VisualStudioVersion = 17.7.34031.279
MinimumVisualStudioVersion = 10.0.40219.1
Project("{FAE04EC0-301F-11D3-BF4B-00C04F79EFBC}") = "P3_1_714220023", "P3_1_714220023\P3_1_714220023.csproj", "{BF0EAA32-4F4D-45F6-8DB0-AE813683DB06}"
EndProject
Global
	GlobalSection(SolutionConfigurationPlatforms) = preSolution
		Debug|Any CPU = Debug|Any CPU
		Release|Any CPU = Release|Any CPU
	EndGlobalSection
	GlobalSection(ProjectConfigurationPlatforms) = postSolution
		{BF0EAA32-4F4D-45F6-8DB0-AE813683DB06}.Debug|Any CPU.ActiveCfg = Debug|Any CPU
		{BF0EAA32-4F4D-45F6-8DB0-AE813683DB06}.Debug|Any CPU.Build.0 = Debug|Any CPU
		{BF0EAA32-4F4D-45F6-8DB0-AE813683DB06}.Release|Any CPU.ActiveCfg = Release|Any CPU
		{BF0EAA32-4F4D-45F6-8DB0-AE813683DB06}.Release|Any CPU.Build.0 = Release|Any CPU
	EndGlobalSection
	GlobalSection(SolutionProperties) = preSolution
		HideSolutionNode = FALSE
	EndGlobalSection
	GlobalSection(ExtensibilityGlobals) = postSolution
		SolutionGuid = {8D43F12A-2A43-4795-8B13-70B2101897AF}
	EndGlobalSection
EndGlobal
