
Microsoft Visual Studio Solution File, Format Version 12.00
# Visual Studio Version 17
VisualStudioVersion = 17.7.34031.279
MinimumVisualStudioVersion = 10.0.40219.1
Project("{FAE04EC0-301F-11D3-BF4B-00C04F79EFBC}") = "P4_1_714220023", "P4_1_714220023\P4_1_714220023.csproj", "{9730DFC3-231D-43BE-8599-51747310E364}"
EndProject
Global
	GlobalSection(SolutionConfigurationPlatforms) = preSolution
		Debug|Any CPU = Debug|Any CPU
		Release|Any CPU = Release|Any CPU
	EndGlobalSection
	GlobalSection(ProjectConfigurationPlatforms) = postSolution
		{9730DFC3-231D-43BE-8599-51747310E364}.Debug|Any CPU.ActiveCfg = Debug|Any CPU
		{9730DFC3-231D-43BE-8599-51747310E364}.Debug|Any CPU.Build.0 = Debug|Any CPU
		{9730DFC3-231D-43BE-8599-51747310E364}.Release|Any CPU.ActiveCfg = Release|Any CPU
		{9730DFC3-231D-43BE-8599-51747310E364}.Release|Any CPU.Build.0 = Release|Any CPU
	EndGlobalSection
	GlobalSection(SolutionProperties) = preSolution
		HideSolutionNode = FALSE
	EndGlobalSection
	GlobalSection(ExtensibilityGlobals) = postSolution
		SolutionGuid = {343EBD56-0299-40E5-8EF1-B7905DC687F9}
	EndGlobalSection
EndGlobal
