
Microsoft Visual Studio Solution File, Format Version 12.00
# Visual Studio Version 17
VisualStudioVersion = 17.7.34031.279
MinimumVisualStudioVersion = 10.0.40219.1
Project("{FAE04EC0-301F-11D3-BF4B-00C04F79EFBC}") = "P5_4_714220023", "P5_4_714220023\P5_4_714220023.csproj", "{28047642-602B-4B17-AB53-41FA7F4B3739}"
EndProject
Global
	GlobalSection(SolutionConfigurationPlatforms) = preSolution
		Debug|Any CPU = Debug|Any CPU
		Release|Any CPU = Release|Any CPU
	EndGlobalSection
	GlobalSection(ProjectConfigurationPlatforms) = postSolution
		{28047642-602B-4B17-AB53-41FA7F4B3739}.Debug|Any CPU.ActiveCfg = Debug|Any CPU
		{28047642-602B-4B17-AB53-41FA7F4B3739}.Debug|Any CPU.Build.0 = Debug|Any CPU
		{28047642-602B-4B17-AB53-41FA7F4B3739}.Release|Any CPU.ActiveCfg = Release|Any CPU
		{28047642-602B-4B17-AB53-41FA7F4B3739}.Release|Any CPU.Build.0 = Release|Any CPU
	EndGlobalSection
	GlobalSection(SolutionProperties) = preSolution
		HideSolutionNode = FALSE
	EndGlobalSection
	GlobalSection(ExtensibilityGlobals) = postSolution
		SolutionGuid = {8343CB59-2D37-4413-971C-1AA8B948519E}
	EndGlobalSection
EndGlobal
