
Microsoft Visual Studio Solution File, Format Version 12.00
# Visual Studio Version 17
VisualStudioVersion = 17.7.34031.279
MinimumVisualStudioVersion = 10.0.40219.1
Project("{FAE04EC0-301F-11D3-BF4B-00C04F79EFBC}") = "P2_1_714220023", "P2_1_714220023\P2_1_714220023.csproj", "{3C6F028E-484E-4540-A047-C3E9CDCC185D}"
EndProject
Global
	GlobalSection(SolutionConfigurationPlatforms) = preSolution
		Debug|Any CPU = Debug|Any CPU
		Release|Any CPU = Release|Any CPU
	EndGlobalSection
	GlobalSection(ProjectConfigurationPlatforms) = postSolution
		{3C6F028E-484E-4540-A047-C3E9CDCC185D}.Debug|Any CPU.ActiveCfg = Debug|Any CPU
		{3C6F028E-484E-4540-A047-C3E9CDCC185D}.Debug|Any CPU.Build.0 = Debug|Any CPU
		{3C6F028E-484E-4540-A047-C3E9CDCC185D}.Release|Any CPU.ActiveCfg = Release|Any CPU
		{3C6F028E-484E-4540-A047-C3E9CDCC185D}.Release|Any CPU.Build.0 = Release|Any CPU
	EndGlobalSection
	GlobalSection(SolutionProperties) = preSolution
		HideSolutionNode = FALSE
	EndGlobalSection
	GlobalSection(ExtensibilityGlobals) = postSolution
		SolutionGuid = {79055465-BDF2-4107-A2AA-7F41CB44FBD3}
	EndGlobalSection
EndGlobal
