
Microsoft Visual Studio Solution File, Format Version 12.00
# Visual Studio Version 17
VisualStudioVersion = 17.7.34031.279
MinimumVisualStudioVersion = 10.0.40219.1
Project("{FAE04EC0-301F-11D3-BF4B-00C04F79EFBC}") = "P5_2_714220023", "P5_2_714220023\P5_2_714220023.csproj", "{9F7B74AA-63EA-46E9-8DBD-453BE52A6688}"
EndProject
Global
	GlobalSection(SolutionConfigurationPlatforms) = preSolution
		Debug|Any CPU = Debug|Any CPU
		Release|Any CPU = Release|Any CPU
	EndGlobalSection
	GlobalSection(ProjectConfigurationPlatforms) = postSolution
		{9F7B74AA-63EA-46E9-8DBD-453BE52A6688}.Debug|Any CPU.ActiveCfg = Debug|Any CPU
		{9F7B74AA-63EA-46E9-8DBD-453BE52A6688}.Debug|Any CPU.Build.0 = Debug|Any CPU
		{9F7B74AA-63EA-46E9-8DBD-453BE52A6688}.Release|Any CPU.ActiveCfg = Release|Any CPU
		{9F7B74AA-63EA-46E9-8DBD-453BE52A6688}.Release|Any CPU.Build.0 = Release|Any CPU
	EndGlobalSection
	GlobalSection(SolutionProperties) = preSolution
		HideSolutionNode = FALSE
	EndGlobalSection
	GlobalSection(ExtensibilityGlobals) = postSolution
		SolutionGuid = {9DAFE8E5-99A1-4662-B4DE-349062DE49B0}
	EndGlobalSection
EndGlobal
